
Microsoft Visual Studio Solution File, Format Version 12.00
# Visual Studio 15
VisualStudioVersion = 15.0.27428.2043
MinimumVisualStudioVersion = 10.0.40219.1
Project("{FAE04EC0-301F-11D3-BF4B-00C04F79EFBC}") = "SmallestInteger", "SmallestInteger\SmallestInteger.csproj", "{7536F94A-AE4D-49EB-81F5-A870DBAD7D25}"
EndProject
Global
	GlobalSection(SolutionConfigurationPlatforms) = preSolution
		Debug|Any CPU = Debug|Any CPU
		Release|Any CPU = Release|Any CPU
	EndGlobalSection
	GlobalSection(ProjectConfigurationPlatforms) = postSolution
		{7536F94A-AE4D-49EB-81F5-A870DBAD7D25}.Debug|Any CPU.ActiveCfg = Debug|Any CPU
		{7536F94A-AE4D-49EB-81F5-A870DBAD7D25}.Debug|Any CPU.Build.0 = Debug|Any CPU
		{7536F94A-AE4D-49EB-81F5-A870DBAD7D25}.Release|Any CPU.ActiveCfg = Release|Any CPU
		{7536F94A-AE4D-49EB-81F5-A870DBAD7D25}.Release|Any CPU.Build.0 = Release|Any CPU
	EndGlobalSection
	GlobalSection(SolutionProperties) = preSolution
		HideSolutionNode = FALSE
	EndGlobalSection
	GlobalSection(ExtensibilityGlobals) = postSolution
		SolutionGuid = {FCA7FE33-6798-4250-BCB0-EDE69D71B59D}
	EndGlobalSection
EndGlobal
